
Microsoft Visual Studio Solution File, Format Version 12.00
# Visual Studio Version 17
VisualStudioVersion = 17.3.32901.215
MinimumVisualStudioVersion = 10.0.40219.1
Project("{FAE04EC0-301F-11D3-BF4B-00C04F79EFBC}") = "CoffeeShop", "CoffeeShop\CoffeeShop.csproj", "{FD329E3B-7C18-4890-AAB3-6CD287FBF63B}"
EndProject
Global
	GlobalSection(SolutionConfigurationPlatforms) = preSolution
		Debug|Any CPU = Debug|Any CPU
		Release|Any CPU = Release|Any CPU
	EndGlobalSection
	GlobalSection(ProjectConfigurationPlatforms) = postSolution
		{FD329E3B-7C18-4890-AAB3-6CD287FBF63B}.Debug|Any CPU.ActiveCfg = Debug|Any CPU
		{FD329E3B-7C18-4890-AAB3-6CD287FBF63B}.Debug|Any CPU.Build.0 = Debug|Any CPU
		{FD329E3B-7C18-4890-AAB3-6CD287FBF63B}.Release|Any CPU.ActiveCfg = Release|Any CPU
		{FD329E3B-7C18-4890-AAB3-6CD287FBF63B}.Release|Any CPU.Build.0 = Release|Any CPU
	EndGlobalSection
	GlobalSection(SolutionProperties) = preSolution
		HideSolutionNode = FALSE
	EndGlobalSection
	GlobalSection(ExtensibilityGlobals) = postSolution
		SolutionGuid = {99407F68-F7B6-4BE2-9F91-E52F450D6034}
	EndGlobalSection
EndGlobal
